
Microsoft Visual Studio Solution File, Format Version 12.00
# Visual Studio 15
VisualStudioVersion = 15.0.27428.1
MinimumVisualStudioVersion = 10.0.40219.1
Project("{888888A0-9F3D-457C-B088-3A5042F75D52}") = "buildMethods", "buildMethods\buildMethods.pyproj", "{F76BE3A4-E09D-4588-8CD3-EF6DA8925A26}"
EndProject
Global
	GlobalSection(SolutionConfigurationPlatforms) = preSolution
		Debug|Any CPU = Debug|Any CPU
		Release|Any CPU = Release|Any CPU
	EndGlobalSection
	GlobalSection(ProjectConfigurationPlatforms) = postSolution
		{F76BE3A4-E09D-4588-8CD3-EF6DA8925A26}.Debug|Any CPU.ActiveCfg = Debug|Any CPU
		{F76BE3A4-E09D-4588-8CD3-EF6DA8925A26}.Release|Any CPU.ActiveCfg = Release|Any CPU
	EndGlobalSection
	GlobalSection(SolutionProperties) = preSolution
		HideSolutionNode = FALSE
	EndGlobalSection
	GlobalSection(ExtensibilityGlobals) = postSolution
		SolutionGuid = {1044AA58-134A-45A1-A8C4-A2C39899F14A}
	EndGlobalSection
EndGlobal
